
Microsoft Visual Studio Solution File, Format Version 12.00
# Visual Studio Version 16
VisualStudioVersion = 16.0.31321.278
MinimumVisualStudioVersion = 10.0.40219.1
Project("{FAE04EC0-301F-11D3-BF4B-00C04F79EFBC}") = "Assignment8", "Assignment8\Assignment8.csproj", "{A52BB425-7B3A-4334-8F48-D539B460A165}"
EndProject
Global
	GlobalSection(SolutionConfigurationPlatforms) = preSolution
		Debug|Any CPU = Debug|Any CPU
		Release|Any CPU = Release|Any CPU
	EndGlobalSection
	GlobalSection(ProjectConfigurationPlatforms) = postSolution
		{A52BB425-7B3A-4334-8F48-D539B460A165}.Debug|Any CPU.ActiveCfg = Debug|Any CPU
		{A52BB425-7B3A-4334-8F48-D539B460A165}.Debug|Any CPU.Build.0 = Debug|Any CPU
		{A52BB425-7B3A-4334-8F48-D539B460A165}.Release|Any CPU.ActiveCfg = Release|Any CPU
		{A52BB425-7B3A-4334-8F48-D539B460A165}.Release|Any CPU.Build.0 = Release|Any CPU
	EndGlobalSection
	GlobalSection(SolutionProperties) = preSolution
		HideSolutionNode = FALSE
	EndGlobalSection
	GlobalSection(ExtensibilityGlobals) = postSolution
		SolutionGuid = {FA6A13D3-04EC-414A-B891-8BA924A7F822}
	EndGlobalSection
EndGlobal
