
Microsoft Visual Studio Solution File, Format Version 12.00
# Visual Studio Version 16
VisualStudioVersion = 16.0.31321.278
MinimumVisualStudioVersion = 10.0.40219.1
Project("{FAE04EC0-301F-11D3-BF4B-00C04F79EFBC}") = "Assignment2", "Assignment2\Assignment2.csproj", "{ACCB8EAF-22B1-4BC2-8893-A6122E90B14B}"
EndProject
Global
	GlobalSection(SolutionConfigurationPlatforms) = preSolution
		Debug|Any CPU = Debug|Any CPU
		Release|Any CPU = Release|Any CPU
	EndGlobalSection
	GlobalSection(ProjectConfigurationPlatforms) = postSolution
		{ACCB8EAF-22B1-4BC2-8893-A6122E90B14B}.Debug|Any CPU.ActiveCfg = Debug|Any CPU
		{ACCB8EAF-22B1-4BC2-8893-A6122E90B14B}.Debug|Any CPU.Build.0 = Debug|Any CPU
		{ACCB8EAF-22B1-4BC2-8893-A6122E90B14B}.Release|Any CPU.ActiveCfg = Release|Any CPU
		{ACCB8EAF-22B1-4BC2-8893-A6122E90B14B}.Release|Any CPU.Build.0 = Release|Any CPU
	EndGlobalSection
	GlobalSection(SolutionProperties) = preSolution
		HideSolutionNode = FALSE
	EndGlobalSection
	GlobalSection(ExtensibilityGlobals) = postSolution
		SolutionGuid = {A00B2B06-D238-49B5-8B88-59E5C47F367A}
	EndGlobalSection
EndGlobal
