
Microsoft Visual Studio Solution File, Format Version 12.00
# Visual Studio Version 16
VisualStudioVersion = 16.0.31321.278
MinimumVisualStudioVersion = 10.0.40219.1
Project("{FAE04EC0-301F-11D3-BF4B-00C04F79EFBC}") = "Assignment4", "Assignment4\Assignment4.csproj", "{D47C0905-A52A-47DF-930A-6766008CF1CB}"
EndProject
Global
	GlobalSection(SolutionConfigurationPlatforms) = preSolution
		Debug|Any CPU = Debug|Any CPU
		Release|Any CPU = Release|Any CPU
	EndGlobalSection
	GlobalSection(ProjectConfigurationPlatforms) = postSolution
		{D47C0905-A52A-47DF-930A-6766008CF1CB}.Debug|Any CPU.ActiveCfg = Debug|Any CPU
		{D47C0905-A52A-47DF-930A-6766008CF1CB}.Debug|Any CPU.Build.0 = Debug|Any CPU
		{D47C0905-A52A-47DF-930A-6766008CF1CB}.Release|Any CPU.ActiveCfg = Release|Any CPU
		{D47C0905-A52A-47DF-930A-6766008CF1CB}.Release|Any CPU.Build.0 = Release|Any CPU
	EndGlobalSection
	GlobalSection(SolutionProperties) = preSolution
		HideSolutionNode = FALSE
	EndGlobalSection
	GlobalSection(ExtensibilityGlobals) = postSolution
		SolutionGuid = {4E39CEB2-833C-4D47-BC88-9E7BCA544391}
	EndGlobalSection
EndGlobal
