
Microsoft Visual Studio Solution File, Format Version 12.00
# Visual Studio Version 16
VisualStudioVersion = 16.0.31321.278
MinimumVisualStudioVersion = 10.0.40219.1
Project("{FAE04EC0-301F-11D3-BF4B-00C04F79EFBC}") = "Assignment5", "Assignment5\Assignment5.csproj", "{C2555C3D-360C-40CB-AB25-D3327E68FDC0}"
EndProject
Global
	GlobalSection(SolutionConfigurationPlatforms) = preSolution
		Debug|Any CPU = Debug|Any CPU
		Release|Any CPU = Release|Any CPU
	EndGlobalSection
	GlobalSection(ProjectConfigurationPlatforms) = postSolution
		{C2555C3D-360C-40CB-AB25-D3327E68FDC0}.Debug|Any CPU.ActiveCfg = Debug|Any CPU
		{C2555C3D-360C-40CB-AB25-D3327E68FDC0}.Debug|Any CPU.Build.0 = Debug|Any CPU
		{C2555C3D-360C-40CB-AB25-D3327E68FDC0}.Release|Any CPU.ActiveCfg = Release|Any CPU
		{C2555C3D-360C-40CB-AB25-D3327E68FDC0}.Release|Any CPU.Build.0 = Release|Any CPU
	EndGlobalSection
	GlobalSection(SolutionProperties) = preSolution
		HideSolutionNode = FALSE
	EndGlobalSection
	GlobalSection(ExtensibilityGlobals) = postSolution
		SolutionGuid = {E5175178-7C84-4EF2-A654-B78C412A4B4F}
	EndGlobalSection
EndGlobal
