
Microsoft Visual Studio Solution File, Format Version 12.00
# Visual Studio Version 16
VisualStudioVersion = 16.0.31321.278
MinimumVisualStudioVersion = 10.0.40219.1
Project("{FAE04EC0-301F-11D3-BF4B-00C04F79EFBC}") = "Assignment12 Part2", "Assignment12 Part2\Assignment12 Part2.csproj", "{C43374D6-803E-4605-B038-77D7E44718F8}"
EndProject
Global
	GlobalSection(SolutionConfigurationPlatforms) = preSolution
		Debug|Any CPU = Debug|Any CPU
		Release|Any CPU = Release|Any CPU
	EndGlobalSection
	GlobalSection(ProjectConfigurationPlatforms) = postSolution
		{C43374D6-803E-4605-B038-77D7E44718F8}.Debug|Any CPU.ActiveCfg = Debug|Any CPU
		{C43374D6-803E-4605-B038-77D7E44718F8}.Debug|Any CPU.Build.0 = Debug|Any CPU
		{C43374D6-803E-4605-B038-77D7E44718F8}.Release|Any CPU.ActiveCfg = Release|Any CPU
		{C43374D6-803E-4605-B038-77D7E44718F8}.Release|Any CPU.Build.0 = Release|Any CPU
	EndGlobalSection
	GlobalSection(SolutionProperties) = preSolution
		HideSolutionNode = FALSE
	EndGlobalSection
	GlobalSection(ExtensibilityGlobals) = postSolution
		SolutionGuid = {2396CFBD-BCF6-42BB-A994-BBAB414F4CEE}
	EndGlobalSection
EndGlobal
