
Microsoft Visual Studio Solution File, Format Version 12.00
# Visual Studio Version 16
VisualStudioVersion = 16.0.31321.278
MinimumVisualStudioVersion = 10.0.40219.1
Project("{FAE04EC0-301F-11D3-BF4B-00C04F79EFBC}") = "Assignment12 Part1", "Assignment12 Part1\Assignment12 Part1.csproj", "{EC99E3CC-CEFD-459E-8E14-56A8E132ECFA}"
EndProject
Global
	GlobalSection(SolutionConfigurationPlatforms) = preSolution
		Debug|Any CPU = Debug|Any CPU
		Release|Any CPU = Release|Any CPU
	EndGlobalSection
	GlobalSection(ProjectConfigurationPlatforms) = postSolution
		{EC99E3CC-CEFD-459E-8E14-56A8E132ECFA}.Debug|Any CPU.ActiveCfg = Debug|Any CPU
		{EC99E3CC-CEFD-459E-8E14-56A8E132ECFA}.Debug|Any CPU.Build.0 = Debug|Any CPU
		{EC99E3CC-CEFD-459E-8E14-56A8E132ECFA}.Release|Any CPU.ActiveCfg = Release|Any CPU
		{EC99E3CC-CEFD-459E-8E14-56A8E132ECFA}.Release|Any CPU.Build.0 = Release|Any CPU
	EndGlobalSection
	GlobalSection(SolutionProperties) = preSolution
		HideSolutionNode = FALSE
	EndGlobalSection
	GlobalSection(ExtensibilityGlobals) = postSolution
		SolutionGuid = {769FC9F6-AC15-4C16-8BB6-036ACAC7F9CD}
	EndGlobalSection
EndGlobal
